// !$*UTF8*$!
{
	archiveVersion = 1;
	classes = {
	};
	objectVersion = 55;
	objects = {

/* Begin PBXBuildFile section */
		665353692D377A700038930B /* TreeNode.swift in Sources */ = {isa = PBXBuildFile; fileRef = 665353682D377A6C0038930B /* TreeNode.swift */; };
		6653536B2D38A2770038930B /* AuditionObject.swift in Sources */ = {isa = PBXBuildFile; fileRef = 6653536A2D38A26B0038930B /* AuditionObject.swift */; };
		6669FDF52B094AAF00D8D17C /* TreeCollectionViewCell.swift in Sources */ = {isa = PBXBuildFile; fileRef = 6669FDF42B094AAF00D8D17C /* TreeCollectionViewCell.swift */; };
		668F96962A06302300E6B96F /* AppDelegate.swift in Sources */ = {isa = PBXBuildFile; fileRef = 668F96952A06302300E6B96F /* AppDelegate.swift */; };
		668F96982A06302300E6B96F /* SceneDelegate.swift in Sources */ = {isa = PBXBuildFile; fileRef = 668F96972A06302300E6B96F /* SceneDelegate.swift */; };
		668F969A2A06302300E6B96F /* ViewController.swift in Sources */ = {isa = PBXBuildFile; fileRef = 668F96992A06302300E6B96F /* ViewController.swift */; };
		668F969D2A06302300E6B96F /* Main.storyboard in Resources */ = {isa = PBXBuildFile; fileRef = 668F969B2A06302300E6B96F /* Main.storyboard */; };
		668F96A02A06302300E6B96F /* audition.xcdatamodeld in Sources */ = {isa = PBXBuildFile; fileRef = 668F969E2A06302300E6B96F /* audition.xcdatamodeld */; };
		668F96A22A06302400E6B96F /* Assets.xcassets in Resources */ = {isa = PBXBuildFile; fileRef = 668F96A12A06302400E6B96F /* Assets.xcassets */; };
		668F96A52A06302400E6B96F /* LaunchScreen.storyboard in Resources */ = {isa = PBXBuildFile; fileRef = 668F96A32A06302400E6B96F /* LaunchScreen.storyboard */; };
		669872842B0943EE008A431A /* TreeViewController.swift in Sources */ = {isa = PBXBuildFile; fileRef = 669872832B0943EE008A431A /* TreeViewController.swift */; };
		66B9E4DA2B05D6B1005440C3 /* HomeViewController.swift in Sources */ = {isa = PBXBuildFile; fileRef = 66B9E4D92B05D6B1005440C3 /* HomeViewController.swift */; };
/* End PBXBuildFile section */

/* Begin PBXFileReference section */
		665353682D377A6C0038930B /* TreeNode.swift */ = {isa = PBXFileReference; lastKnownFileType = sourcecode.swift; path = TreeNode.swift; sourceTree = "<group>"; };
		6653536A2D38A26B0038930B /* AuditionObject.swift */ = {isa = PBXFileReference; lastKnownFileType = sourcecode.swift; path = AuditionObject.swift; sourceTree = "<group>"; };
		6653536C2D38AAF40038930B /* AuditionObject.playground */ = {isa = PBXFileReference; lastKnownFileType = file.playground; name = AuditionObject.playground; path = /Users/jakemedina/Developer/AuditionObject.playground; sourceTree = "<absolute>"; xcLanguageSpecificationIdentifier = xcode.lang.swift; };
		6669FDF42B094AAF00D8D17C /* TreeCollectionViewCell.swift */ = {isa = PBXFileReference; lastKnownFileType = sourcecode.swift; path = TreeCollectionViewCell.swift; sourceTree = "<group>"; };
		668F96922A06302300E6B96F /* audition.app */ = {isa = PBXFileReference; explicitFileType = wrapper.application; includeInIndex = 0; path = audition.app; sourceTree = BUILT_PRODUCTS_DIR; };
		668F96952A06302300E6B96F /* AppDelegate.swift */ = {isa = PBXFileReference; lastKnownFileType = sourcecode.swift; path = AppDelegate.swift; sourceTree = "<group>"; };
		668F96972A06302300E6B96F /* SceneDelegate.swift */ = {isa = PBXFileReference; lastKnownFileType = sourcecode.swift; path = SceneDelegate.swift; sourceTree = "<group>"; };
		668F96992A06302300E6B96F /* ViewController.swift */ = {isa = PBXFileReference; lastKnownFileType = sourcecode.swift; path = ViewController.swift; sourceTree = "<group>"; };
		668F969C2A06302300E6B96F /* Base */ = {isa = PBXFileReference; lastKnownFileType = file.storyboard; name = Base; path = Base.lproj/Main.storyboard; sourceTree = "<group>"; };
		668F969F2A06302300E6B96F /* audition.xcdatamodel */ = {isa = PBXFileReference; lastKnownFileType = wrapper.xcdatamodel; path = audition.xcdatamodel; sourceTree = "<group>"; };
		668F96A12A06302400E6B96F /* Assets.xcassets */ = {isa = PBXFileReference; lastKnownFileType = folder.assetcatalog; path = Assets.xcassets; sourceTree = "<group>"; };
		668F96A42A06302400E6B96F /* Base */ = {isa = PBXFileReference; lastKnownFileType = file.storyboard; name = Base; path = Base.lproj/LaunchScreen.storyboard; sourceTree = "<group>"; };
		668F96A62A06302400E6B96F /* Info.plist */ = {isa = PBXFileReference; lastKnownFileType = text.plist.xml; path = Info.plist; sourceTree = "<group>"; };
		669872832B0943EE008A431A /* TreeViewController.swift */ = {isa = PBXFileReference; lastKnownFileType = sourcecode.swift; path = TreeViewController.swift; sourceTree = "<group>"; };
		66B9E4D92B05D6B1005440C3 /* HomeViewController.swift */ = {isa = PBXFileReference; lastKnownFileType = sourcecode.swift; path = HomeViewController.swift; sourceTree = "<group>"; };
/* End PBXFileReference section */

/* Begin PBXFrameworksBuildPhase section */
		668F968F2A06302300E6B96F /* Frameworks */ = {
			isa = PBXFrameworksBuildPhase;
			buildActionMask = 2147483647;
			files = (
			);
			runOnlyForDeploymentPostprocessing = 0;
		};
/* End PBXFrameworksBuildPhase section */

/* Begin PBXGroup section */
		668F96892A06302300E6B96F = {
			isa = PBXGroup;
			children = (
				668F96942A06302300E6B96F /* audition */,
				668F96932A06302300E6B96F /* Products */,
			);
			sourceTree = "<group>";
		};
		668F96932A06302300E6B96F /* Products */ = {
			isa = PBXGroup;
			children = (
				668F96922A06302300E6B96F /* audition.app */,
			);
			name = Products;
			sourceTree = "<group>";
		};
		668F96942A06302300E6B96F /* audition */ = {
			isa = PBXGroup;
			children = (
				6653536C2D38AAF40038930B /* AuditionObject.playground */,
				6653536A2D38A26B0038930B /* AuditionObject.swift */,
				665353682D377A6C0038930B /* TreeNode.swift */,
				669872832B0943EE008A431A /* TreeViewController.swift */,
				6669FDF42B094AAF00D8D17C /* TreeCollectionViewCell.swift */,
				668F96952A06302300E6B96F /* AppDelegate.swift */,
				668F96972A06302300E6B96F /* SceneDelegate.swift */,
				668F96992A06302300E6B96F /* ViewController.swift */,
				668F969B2A06302300E6B96F /* Main.storyboard */,
				66B9E4D92B05D6B1005440C3 /* HomeViewController.swift */,
				668F96A12A06302400E6B96F /* Assets.xcassets */,
				668F96A32A06302400E6B96F /* LaunchScreen.storyboard */,
				668F96A62A06302400E6B96F /* Info.plist */,
				668F969E2A06302300E6B96F /* audition.xcdatamodeld */,
			);
			path = audition;
			sourceTree = "<group>";
		};
/* End PBXGroup section */

/* Begin PBXNativeTarget section */
		668F96912A06302300E6B96F /* audition */ = {
			isa = PBXNativeTarget;
			buildConfigurationList = 668F96A92A06302400E6B96F /* Build configuration list for PBXNativeTarget "audition" */;
			buildPhases = (
				668F968E2A06302300E6B96F /* Sources */,
				668F968F2A06302300E6B96F /* Frameworks */,
				668F96902A06302300E6B96F /* Resources */,
			);
			buildRules = (
			);
			dependencies = (
			);
			name = audition;
			productName = audition;
			productReference = 668F96922A06302300E6B96F /* audition.app */;
			productType = "com.apple.product-type.application";
		};
/* End PBXNativeTarget section */

/* Begin PBXProject section */
		668F968A2A06302300E6B96F /* Project object */ = {
			isa = PBXProject;
			attributes = {
				BuildIndependentTargetsInParallel = 1;
				LastSwiftUpdateCheck = 1340;
				LastUpgradeCheck = 1340;
				TargetAttributes = {
					668F96912A06302300E6B96F = {
						CreatedOnToolsVersion = 13.4.1;
					};
				};
			};
			buildConfigurationList = 668F968D2A06302300E6B96F /* Build configuration list for PBXProject "audition" */;
			compatibilityVersion = "Xcode 13.0";
			developmentRegion = en;
			hasScannedForEncodings = 0;
			knownRegions = (
				en,
				Base,
			);
			mainGroup = 668F96892A06302300E6B96F;
			productRefGroup = 668F96932A06302300E6B96F /* Products */;
			projectDirPath = "";
			projectRoot = "";
			targets = (
				668F96912A06302300E6B96F /* audition */,
			);
		};
/* End PBXProject section */

/* Begin PBXResourcesBuildPhase section */
		668F96902A06302300E6B96F /* Resources */ = {
			isa = PBXResourcesBuildPhase;
			buildActionMask = 2147483647;
			files = (
				668F96A52A06302400E6B96F /* LaunchScreen.storyboard in Resources */,
				668F96A22A06302400E6B96F /* Assets.xcassets in Resources */,
				668F969D2A06302300E6B96F /* Main.storyboard in Resources */,
			);
			runOnlyForDeploymentPostprocessing = 0;
		};
/* End PBXResourcesBuildPhase section */

/* Begin PBXSourcesBuildPhase section */
		668F968E2A06302300E6B96F /* Sources */ = {
			isa = PBXSourcesBuildPhase;
			buildActionMask = 2147483647;
			files = (
				66B9E4DA2B05D6B1005440C3 /* HomeViewController.swift in Sources */,
				668F969A2A06302300E6B96F /* ViewController.swift in Sources */,
				668F96962A06302300E6B96F /* AppDelegate.swift in Sources */,
				6653536B2D38A2770038930B /* AuditionObject.swift in Sources */,
				668F96A02A06302300E6B96F /* audition.xcdatamodeld in Sources */,
				669872842B0943EE008A431A /* TreeViewController.swift in Sources */,
				668F96982A06302300E6B96F /* SceneDelegate.swift in Sources */,
				6669FDF52B094AAF00D8D17C /* TreeCollectionViewCell.swift in Sources */,
				665353692D377A700038930B /* TreeNode.swift in Sources */,
			);
			runOnlyForDeploymentPostprocessing = 0;
		};
/* End PBXSourcesBuildPhase section */

/* Begin PBXVariantGroup section */
		668F969B2A06302300E6B96F /* Main.storyboard */ = {
			isa = PBXVariantGroup;
			children = (
				668F969C2A06302300E6B96F /* Base */,
			);
			name = Main.storyboard;
			sourceTree = "<group>";
		};
		668F96A32A06302400E6B96F /* LaunchScreen.storyboard */ = {
			isa = PBXVariantGroup;
			children = (
				668F96A42A06302400E6B96F /* Base */,
			);
			name = LaunchScreen.storyboard;
			sourceTree = "<group>";
		};
/* End PBXVariantGroup section */

/* Begin XCBuildConfiguration section */
		668F96A72A06302400E6B96F /* Debug */ = {
			isa = XCBuildConfiguration;
			buildSettings = {
				ALWAYS_SEARCH_USER_PATHS = NO;
				CLANG_ANALYZER_NONNULL = YES;
				CLANG_ANALYZER_NUMBER_OBJECT_CONVERSION = YES_AGGRESSIVE;
				CLANG_CXX_LANGUAGE_STANDARD = "gnu++17";
				CLANG_ENABLE_MODULES = YES;
				CLANG_ENABLE_OBJC_ARC = YES;
				CLANG_ENABLE_OBJC_WEAK = YES;
				CLANG_WARN_BLOCK_CAPTURE_AUTORELEASING = YES;
				CLANG_WARN_BOOL_CONVERSION = YES;
				CLANG_WARN_COMMA = YES;
				CLANG_WARN_CONSTANT_CONVERSION = YES;
				CLANG_WARN_DEPRECATED_OBJC_IMPLEMENTATIONS = YES;
				CLANG_WARN_DIRECT_OBJC_ISA_USAGE = YES_ERROR;
				CLANG_WARN_DOCUMENTATION_COMMENTS = YES;
				CLANG_WARN_EMPTY_BODY = YES;
				CLANG_WARN_ENUM_CONVERSION = YES;
				CLANG_WARN_INFINITE_RECURSION = YES;
				CLANG_WARN_INT_CONVERSION = YES;
				CLANG_WARN_NON_LITERAL_NULL_CONVERSION = YES;
				CLANG_WARN_OBJC_IMPLICIT_RETAIN_SELF = YES;
				CLANG_WARN_OBJC_LITERAL_CONVERSION = YES;
				CLANG_WARN_OBJC_ROOT_CLASS = YES_ERROR;
				CLANG_WARN_QUOTED_INCLUDE_IN_FRAMEWORK_HEADER = YES;
				CLANG_WARN_RANGE_LOOP_ANALYSIS = YES;
				CLANG_WARN_STRICT_PROTOTYPES = YES;
				CLANG_WARN_SUSPICIOUS_MOVE = YES;
				CLANG_WARN_UNGUARDED_AVAILABILITY = YES_AGGRESSIVE;
				CLANG_WARN_UNREACHABLE_CODE = YES;
				CLANG_WARN__DUPLICATE_METHOD_MATCH = YES;
				COPY_PHASE_STRIP = NO;
				DEBUG_INFORMATION_FORMAT = dwarf;
				ENABLE_STRICT_OBJC_MSGSEND = YES;
				ENABLE_TESTABILITY = YES;
				GCC_C_LANGUAGE_STANDARD = gnu11;
				GCC_DYNAMIC_NO_PIC = NO;
				GCC_NO_COMMON_BLOCKS = YES;
				GCC_OPTIMIZATION_LEVEL = 0;
				GCC_PREPROCESSOR_DEFINITIONS = (
					"DEBUG=1",
					"$(inherited)",
				);
				GCC_WARN_64_TO_32_BIT_CONVERSION = YES;
				GCC_WARN_ABOUT_RETURN_TYPE = YES_ERROR;
				GCC_WARN_UNDECLARED_SELECTOR = YES;
				GCC_WARN_UNINITIALIZED_AUTOS = YES_AGGRESSIVE;
				GCC_WARN_UNUSED_FUNCTION = YES;
				GCC_WARN_UNUSED_VARIABLE = YES;
				IPHONEOS_DEPLOYMENT_TARGET = 15.5;
				MTL_ENABLE_DEBUG_INFO = INCLUDE_SOURCE;
				MTL_FAST_MATH = YES;
				ONLY_ACTIVE_ARCH = YES;
				SDKROOT = iphoneos;
				SWIFT_ACTIVE_COMPILATION_CONDITIONS = DEBUG;
				SWIFT_OPTIMIZATION_LEVEL = "-Onone";
			};
			name = Debug;
		};
		668F96A82A06302400E6B96F /* Release */ = {
			isa = XCBuildConfiguration;
			buildSettings = {
				ALWAYS_SEARCH_USER_PATHS = NO;
				CLANG_ANALYZER_NONNULL = YES;
				CLANG_ANALYZER_NUMBER_OBJECT_CONVERSION = YES_AGGRESSIVE;
				CLANG_CXX_LANGUAGE_STANDARD = "gnu++17";
				CLANG_ENABLE_MODULES = YES;
				CLANG_ENABLE_OBJC_ARC = YES;
				CLANG_ENABLE_OBJC_WEAK = YES;
				CLANG_WARN_BLOCK_CAPTURE_AUTORELEASING = YES;
				CLANG_WARN_BOOL_CONVERSION = YES;
				CLANG_WARN_COMMA = YES;
				CLANG_WARN_CONSTANT_CONVERSION = YES;
				CLANG_WARN_DEPRECATED_OBJC_IMPLEMENTATIONS = YES;
				CLANG_WARN_DIRECT_OBJC_ISA_USAGE = YES_ERROR;
				CLANG_WARN_DOCUMENTATION_COMMENTS = YES;
				CLANG_WARN_EMPTY_BODY = YES;
				CLANG_WARN_ENUM_CONVERSION = YES;
				CLANG_WARN_INFINITE_RECURSION = YES;
				CLANG_WARN_INT_CONVERSION = YES;
				CLANG_WARN_NON_LITERAL_NULL_CONVERSION = YES;
				CLANG_WARN_OBJC_IMPLICIT_RETAIN_SELF = YES;
				CLANG_WARN_OBJC_LITERAL_CONVERSION = YES;
				CLANG_WARN_OBJC_ROOT_CLASS = YES_ERROR;
				CLANG_WARN_QUOTED_INCLUDE_IN_FRAMEWORK_HEADER = YES;
				CLANG_WARN_RANGE_LOOP_ANALYSIS = YES;
				CLANG_WARN_STRICT_PROTOTYPES = YES;
				CLANG_WARN_SUSPICIOUS_MOVE = YES;
				CLANG_WARN_UNGUARDED_AVAILABILITY = YES_AGGRESSIVE;
				CLANG_WARN_UNREACHABLE_CODE = YES;
				CLANG_WARN__DUPLICATE_METHOD_MATCH = YES;
				COPY_PHASE_STRIP = NO;
				DEBUG_INFORMATION_FORMAT = "dwarf-with-dsym";
				ENABLE_NS_ASSERTIONS = NO;
				ENABLE_STRICT_OBJC_MSGSEND = YES;
				GCC_C_LANGUAGE_STANDARD = gnu11;
				GCC_NO_COMMON_BLOCKS = YES;
				GCC_WARN_64_TO_32_BIT_CONVERSION = YES;
				GCC_WARN_ABOUT_RETURN_TYPE = YES_ERROR;
				GCC_WARN_UNDECLARED_SELECTOR = YES;
				GCC_WARN_UNINITIALIZED_AUTOS = YES_AGGRESSIVE;
				GCC_WARN_UNUSED_FUNCTION = YES;
				GCC_WARN_UNUSED_VARIABLE = YES;
				IPHONEOS_DEPLOYMENT_TARGET = 15.5;
				MTL_ENABLE_DEBUG_INFO = NO;
				MTL_FAST_MATH = YES;
				SDKROOT = iphoneos;
				SWIFT_COMPILATION_MODE = wholemodule;
				SWIFT_OPTIMIZATION_LEVEL = "-O";
				VALIDATE_PRODUCT = YES;
			};
			name = Release;
		};
		668F96AA2A06302400E6B96F /* Debug */ = {
			isa = XCBuildConfiguration;
			buildSettings = {
				ASSETCATALOG_COMPILER_APPICON_NAME = AppIcon;
				ASSETCATALOG_COMPILER_GLOBAL_ACCENT_COLOR_NAME = AccentColor;
				CODE_SIGN_STYLE = Automatic;
				CURRENT_PROJECT_VERSION = 1;
				DEVELOPMENT_TEAM = AKKM42TA65;
				GENERATE_INFOPLIST_FILE = YES;
				INFOPLIST_FILE = audition/Info.plist;
				INFOPLIST_KEY_UIApplicationSupportsIndirectInputEvents = YES;
				INFOPLIST_KEY_UILaunchStoryboardName = LaunchScreen;
				INFOPLIST_KEY_UIMainStoryboardFile = Main;
				INFOPLIST_KEY_UISupportedInterfaceOrientations_iPad = "UIInterfaceOrientationPortrait UIInterfaceOrientationPortraitUpsideDown UIInterfaceOrientationLandscapeLeft UIInterfaceOrientationLandscapeRight";
				INFOPLIST_KEY_UISupportedInterfaceOrientations_iPhone = "UIInterfaceOrientationPortrait UIInterfaceOrientationLandscapeLeft UIInterfaceOrientationLandscapeRight";
				IPHONEOS_DEPLOYMENT_TARGET = 15.5;
				LD_RUNPATH_SEARCH_PATHS = (
					"$(inherited)",
					"@executable_path/Frameworks",
				);
				MARKETING_VERSION = 1.0;
				PRODUCT_BUNDLE_IDENTIFIER = JM.audition;
				PRODUCT_NAME = "$(TARGET_NAME)";
				SWIFT_EMIT_LOC_STRINGS = YES;
				SWIFT_VERSION = 5.0;
				TARGETED_DEVICE_FAMILY = 2;
			};
			name = Debug;
		};
		668F96AB2A06302400E6B96F /* Release */ = {
			isa = XCBuildConfiguration;
			buildSettings = {
				ASSETCATALOG_COMPILER_APPICON_NAME = AppIcon;
				ASSETCATALOG_COMPILER_GLOBAL_ACCENT_COLOR_NAME = AccentColor;
				CODE_SIGN_STYLE = Automatic;
				CURRENT_PROJECT_VERSION = 1;
				DEVELOPMENT_TEAM = AKKM42TA65;
				GENERATE_INFOPLIST_FILE = YES;
				INFOPLIST_FILE = audition/Info.plist;
				INFOPLIST_KEY_UIApplicationSupportsIndirectInputEvents = YES;
				INFOPLIST_KEY_UILaunchStoryboardName = LaunchScreen;
				INFOPLIST_KEY_UIMainStoryboardFile = Main;
				INFOPLIST_KEY_UISupportedInterfaceOrientations_iPad = "UIInterfaceOrientationPortrait UIInterfaceOrientationPortraitUpsideDown UIInterfaceOrientationLandscapeLeft UIInterfaceOrientationLandscapeRight";
				INFOPLIST_KEY_UISupportedInterfaceOrientations_iPhone = "UIInterfaceOrientationPortrait UIInterfaceOrientationLandscapeLeft UIInterfaceOrientationLandscapeRight";
				IPHONEOS_DEPLOYMENT_TARGET = 15.5;
				LD_RUNPATH_SEARCH_PATHS = (
					"$(inherited)",
					"@executable_path/Frameworks",
				);
				MARKETING_VERSION = 1.0;
				PRODUCT_BUNDLE_IDENTIFIER = JM.audition;
				PRODUCT_NAME = "$(TARGET_NAME)";
				SWIFT_EMIT_LOC_STRINGS = YES;
				SWIFT_VERSION = 5.0;
				TARGETED_DEVICE_FAMILY = 2;
			};
			name = Release;
		};
/* End XCBuildConfiguration section */

/* Begin XCConfigurationList section */
		668F968D2A06302300E6B96F /* Build configuration list for PBXProject "audition" */ = {
			isa = XCConfigurationList;
			buildConfigurations = (
				668F96A72A06302400E6B96F /* Debug */,
				668F96A82A06302400E6B96F /* Release */,
			);
			defaultConfigurationIsVisible = 0;
			defaultConfigurationName = Release;
		};
		668F96A92A06302400E6B96F /* Build configuration list for PBXNativeTarget "audition" */ = {
			isa = XCConfigurationList;
			buildConfigurations = (
				668F96AA2A06302400E6B96F /* Debug */,
				668F96AB2A06302400E6B96F /* Release */,
			);
			defaultConfigurationIsVisible = 0;
			defaultConfigurationName = Release;
		};
/* End XCConfigurationList section */

/* Begin XCVersionGroup section */
		668F969E2A06302300E6B96F /* audition.xcdatamodeld */ = {
			isa = XCVersionGroup;
			children = (
				668F969F2A06302300E6B96F /* audition.xcdatamodel */,
			);
			currentVersion = 668F969F2A06302300E6B96F /* audition.xcdatamodel */;
			path = audition.xcdatamodeld;
			sourceTree = "<group>";
			versionGroupType = wrapper.xcdatamodel;
		};
/* End XCVersionGroup section */
	};
	rootObject = 668F968A2A06302300E6B96F /* Project object */;
}
